
Microsoft Visual Studio Solution File, Format Version 12.00
# Visual Studio 2012
Project("{FAE04EC0-301F-11D3-BF4B-00C04F79EFBC}") = "PlaysDate", "PlaysDate\PlaysDate.csproj", "{3BFC276A-24BC-4379-AEAC-AFEEF99C0BC4}"
EndProject
Project("{FAE04EC0-301F-11D3-BF4B-00C04F79EFBC}") = "PlaysDate.iOS", "iOS\PlaysDate.iOS.csproj", "{C1881B39-CAB0-4F8D-BDB0-E7CBEE0D9528}"
EndProject
Project("{FAE04EC0-301F-11D3-BF4B-00C04F79EFBC}") = "PlaysDate.Droid", "Droid\PlaysDate.Droid.csproj", "{A6FB078C-693E-405F-B45C-F5D418077A75}"
EndProject
Global
	GlobalSection(SolutionConfigurationPlatforms) = preSolution
		Debug|Any CPU = Debug|Any CPU
		Release|Any CPU = Release|Any CPU
		Debug|iPhoneSimulator = Debug|iPhoneSimulator
		Release|iPhone = Release|iPhone
		Release|iPhoneSimulator = Release|iPhoneSimulator
		Debug|iPhone = Debug|iPhone
	EndGlobalSection
	GlobalSection(ProjectConfigurationPlatforms) = postSolution
		{3BFC276A-24BC-4379-AEAC-AFEEF99C0BC4}.Debug|Any CPU.ActiveCfg = Debug|Any CPU
		{3BFC276A-24BC-4379-AEAC-AFEEF99C0BC4}.Debug|Any CPU.Build.0 = Debug|Any CPU
		{3BFC276A-24BC-4379-AEAC-AFEEF99C0BC4}.Debug|iPhone.ActiveCfg = Debug|Any CPU
		{3BFC276A-24BC-4379-AEAC-AFEEF99C0BC4}.Debug|iPhone.Build.0 = Debug|Any CPU
		{3BFC276A-24BC-4379-AEAC-AFEEF99C0BC4}.Debug|iPhoneSimulator.ActiveCfg = Debug|Any CPU
		{3BFC276A-24BC-4379-AEAC-AFEEF99C0BC4}.Debug|iPhoneSimulator.Build.0 = Debug|Any CPU
		{3BFC276A-24BC-4379-AEAC-AFEEF99C0BC4}.Release|Any CPU.ActiveCfg = Release|Any CPU
		{3BFC276A-24BC-4379-AEAC-AFEEF99C0BC4}.Release|Any CPU.Build.0 = Release|Any CPU
		{3BFC276A-24BC-4379-AEAC-AFEEF99C0BC4}.Release|iPhone.ActiveCfg = Release|Any CPU
		{3BFC276A-24BC-4379-AEAC-AFEEF99C0BC4}.Release|iPhone.Build.0 = Release|Any CPU
		{3BFC276A-24BC-4379-AEAC-AFEEF99C0BC4}.Release|iPhoneSimulator.ActiveCfg = Release|Any CPU
		{3BFC276A-24BC-4379-AEAC-AFEEF99C0BC4}.Release|iPhoneSimulator.Build.0 = Release|Any CPU
		{A6FB078C-693E-405F-B45C-F5D418077A75}.Debug|Any CPU.ActiveCfg = Debug|Any CPU
		{A6FB078C-693E-405F-B45C-F5D418077A75}.Debug|Any CPU.Build.0 = Debug|Any CPU
		{A6FB078C-693E-405F-B45C-F5D418077A75}.Debug|iPhone.ActiveCfg = Debug|Any CPU
		{A6FB078C-693E-405F-B45C-F5D418077A75}.Debug|iPhone.Build.0 = Debug|Any CPU
		{A6FB078C-693E-405F-B45C-F5D418077A75}.Debug|iPhoneSimulator.ActiveCfg = Debug|Any CPU
		{A6FB078C-693E-405F-B45C-F5D418077A75}.Debug|iPhoneSimulator.Build.0 = Debug|Any CPU
		{A6FB078C-693E-405F-B45C-F5D418077A75}.Release|Any CPU.ActiveCfg = Release|Any CPU
		{A6FB078C-693E-405F-B45C-F5D418077A75}.Release|Any CPU.Build.0 = Release|Any CPU
		{A6FB078C-693E-405F-B45C-F5D418077A75}.Release|iPhone.ActiveCfg = Release|Any CPU
		{A6FB078C-693E-405F-B45C-F5D418077A75}.Release|iPhone.Build.0 = Release|Any CPU
		{A6FB078C-693E-405F-B45C-F5D418077A75}.Release|iPhoneSimulator.ActiveCfg = Release|Any CPU
		{A6FB078C-693E-405F-B45C-F5D418077A75}.Release|iPhoneSimulator.Build.0 = Release|Any CPU
		{C1881B39-CAB0-4F8D-BDB0-E7CBEE0D9528}.Debug|Any CPU.ActiveCfg = Debug|iPhoneSimulator
		{C1881B39-CAB0-4F8D-BDB0-E7CBEE0D9528}.Debug|Any CPU.Build.0 = Debug|iPhoneSimulator
		{C1881B39-CAB0-4F8D-BDB0-E7CBEE0D9528}.Debug|iPhone.ActiveCfg = Debug|iPhone
		{C1881B39-CAB0-4F8D-BDB0-E7CBEE0D9528}.Debug|iPhone.Build.0 = Debug|iPhone
		{C1881B39-CAB0-4F8D-BDB0-E7CBEE0D9528}.Debug|iPhoneSimulator.ActiveCfg = Debug|iPhoneSimulator
		{C1881B39-CAB0-4F8D-BDB0-E7CBEE0D9528}.Debug|iPhoneSimulator.Build.0 = Debug|iPhoneSimulator
		{C1881B39-CAB0-4F8D-BDB0-E7CBEE0D9528}.Release|Any CPU.ActiveCfg = Release|iPhone
		{C1881B39-CAB0-4F8D-BDB0-E7CBEE0D9528}.Release|Any CPU.Build.0 = Release|iPhone
		{C1881B39-CAB0-4F8D-BDB0-E7CBEE0D9528}.Release|iPhone.ActiveCfg = Release|iPhone
		{C1881B39-CAB0-4F8D-BDB0-E7CBEE0D9528}.Release|iPhone.Build.0 = Release|iPhone
		{C1881B39-CAB0-4F8D-BDB0-E7CBEE0D9528}.Release|iPhoneSimulator.ActiveCfg = Release|iPhoneSimulator
		{C1881B39-CAB0-4F8D-BDB0-E7CBEE0D9528}.Release|iPhoneSimulator.Build.0 = Release|iPhoneSimulator
	EndGlobalSection
EndGlobal
