
Microsoft Visual Studio Solution File, Format Version 12.00
# Visual Studio 2012
Project("{FAE04EC0-301F-11D3-BF4B-00C04F79EFBC}") = "MasterDetail", "MasterDetail\MasterDetail.csproj", "{BAFE7CFD-D688-4D1E-AC91-5881386D26B1}"
EndProject
Project("{FAE04EC0-301F-11D3-BF4B-00C04F79EFBC}") = "MasterDetail.iOS", "iOS\MasterDetail.iOS.csproj", "{71876F5F-B4D2-4A96-8323-40F6F3CA24A7}"
EndProject
Project("{FAE04EC0-301F-11D3-BF4B-00C04F79EFBC}") = "MasterDetail.Droid", "Droid\MasterDetail.Droid.csproj", "{6356FA5A-B356-4BE7-AF7F-DD15CA67016E}"
EndProject
Global
	GlobalSection(SolutionConfigurationPlatforms) = preSolution
		Debug|Any CPU = Debug|Any CPU
		Release|Any CPU = Release|Any CPU
		Debug|iPhoneSimulator = Debug|iPhoneSimulator
		Release|iPhone = Release|iPhone
		Release|iPhoneSimulator = Release|iPhoneSimulator
		Debug|iPhone = Debug|iPhone
	EndGlobalSection
	GlobalSection(ProjectConfigurationPlatforms) = postSolution
		{6356FA5A-B356-4BE7-AF7F-DD15CA67016E}.Debug|Any CPU.ActiveCfg = Debug|Any CPU
		{6356FA5A-B356-4BE7-AF7F-DD15CA67016E}.Debug|Any CPU.Build.0 = Debug|Any CPU
		{6356FA5A-B356-4BE7-AF7F-DD15CA67016E}.Debug|iPhone.ActiveCfg = Debug|Any CPU
		{6356FA5A-B356-4BE7-AF7F-DD15CA67016E}.Debug|iPhone.Build.0 = Debug|Any CPU
		{6356FA5A-B356-4BE7-AF7F-DD15CA67016E}.Debug|iPhoneSimulator.ActiveCfg = Debug|Any CPU
		{6356FA5A-B356-4BE7-AF7F-DD15CA67016E}.Debug|iPhoneSimulator.Build.0 = Debug|Any CPU
		{6356FA5A-B356-4BE7-AF7F-DD15CA67016E}.Release|Any CPU.ActiveCfg = Release|Any CPU
		{6356FA5A-B356-4BE7-AF7F-DD15CA67016E}.Release|Any CPU.Build.0 = Release|Any CPU
		{6356FA5A-B356-4BE7-AF7F-DD15CA67016E}.Release|iPhone.ActiveCfg = Release|Any CPU
		{6356FA5A-B356-4BE7-AF7F-DD15CA67016E}.Release|iPhone.Build.0 = Release|Any CPU
		{6356FA5A-B356-4BE7-AF7F-DD15CA67016E}.Release|iPhoneSimulator.ActiveCfg = Release|Any CPU
		{6356FA5A-B356-4BE7-AF7F-DD15CA67016E}.Release|iPhoneSimulator.Build.0 = Release|Any CPU
		{71876F5F-B4D2-4A96-8323-40F6F3CA24A7}.Debug|Any CPU.ActiveCfg = Debug|iPhoneSimulator
		{71876F5F-B4D2-4A96-8323-40F6F3CA24A7}.Debug|Any CPU.Build.0 = Debug|iPhoneSimulator
		{71876F5F-B4D2-4A96-8323-40F6F3CA24A7}.Debug|iPhone.ActiveCfg = Debug|iPhone
		{71876F5F-B4D2-4A96-8323-40F6F3CA24A7}.Debug|iPhone.Build.0 = Debug|iPhone
		{71876F5F-B4D2-4A96-8323-40F6F3CA24A7}.Debug|iPhoneSimulator.ActiveCfg = Debug|iPhoneSimulator
		{71876F5F-B4D2-4A96-8323-40F6F3CA24A7}.Debug|iPhoneSimulator.Build.0 = Debug|iPhoneSimulator
		{71876F5F-B4D2-4A96-8323-40F6F3CA24A7}.Release|Any CPU.ActiveCfg = Release|iPhone
		{71876F5F-B4D2-4A96-8323-40F6F3CA24A7}.Release|Any CPU.Build.0 = Release|iPhone
		{71876F5F-B4D2-4A96-8323-40F6F3CA24A7}.Release|iPhone.ActiveCfg = Release|iPhone
		{71876F5F-B4D2-4A96-8323-40F6F3CA24A7}.Release|iPhone.Build.0 = Release|iPhone
		{71876F5F-B4D2-4A96-8323-40F6F3CA24A7}.Release|iPhoneSimulator.ActiveCfg = Release|iPhoneSimulator
		{71876F5F-B4D2-4A96-8323-40F6F3CA24A7}.Release|iPhoneSimulator.Build.0 = Release|iPhoneSimulator
		{BAFE7CFD-D688-4D1E-AC91-5881386D26B1}.Debug|Any CPU.ActiveCfg = Debug|Any CPU
		{BAFE7CFD-D688-4D1E-AC91-5881386D26B1}.Debug|Any CPU.Build.0 = Debug|Any CPU
		{BAFE7CFD-D688-4D1E-AC91-5881386D26B1}.Debug|iPhone.ActiveCfg = Debug|Any CPU
		{BAFE7CFD-D688-4D1E-AC91-5881386D26B1}.Debug|iPhone.Build.0 = Debug|Any CPU
		{BAFE7CFD-D688-4D1E-AC91-5881386D26B1}.Debug|iPhoneSimulator.ActiveCfg = Debug|Any CPU
		{BAFE7CFD-D688-4D1E-AC91-5881386D26B1}.Debug|iPhoneSimulator.Build.0 = Debug|Any CPU
		{BAFE7CFD-D688-4D1E-AC91-5881386D26B1}.Release|Any CPU.ActiveCfg = Release|Any CPU
		{BAFE7CFD-D688-4D1E-AC91-5881386D26B1}.Release|Any CPU.Build.0 = Release|Any CPU
		{BAFE7CFD-D688-4D1E-AC91-5881386D26B1}.Release|iPhone.ActiveCfg = Release|Any CPU
		{BAFE7CFD-D688-4D1E-AC91-5881386D26B1}.Release|iPhone.Build.0 = Release|Any CPU
		{BAFE7CFD-D688-4D1E-AC91-5881386D26B1}.Release|iPhoneSimulator.ActiveCfg = Release|Any CPU
		{BAFE7CFD-D688-4D1E-AC91-5881386D26B1}.Release|iPhoneSimulator.Build.0 = Release|Any CPU
	EndGlobalSection
EndGlobal
