
Microsoft Visual Studio Solution File, Format Version 12.00
# Visual Studio 2012
Project("{FAE04EC0-301F-11D3-BF4B-00C04F79EFBC}") = "Connexion", "Connexion\Connexion.csproj", "{59289731-0B09-48C1-A6F7-E3554BB42674}"
EndProject
Project("{FAE04EC0-301F-11D3-BF4B-00C04F79EFBC}") = "Connexion.iOS", "iOS\Connexion.iOS.csproj", "{7122F946-6D29-4C77-A185-B09A3C771709}"
EndProject
Project("{FAE04EC0-301F-11D3-BF4B-00C04F79EFBC}") = "Connexion.Droid", "Droid\Connexion.Droid.csproj", "{DA03E75F-1644-45E4-8653-E4F26F286F0A}"
EndProject
Global
	GlobalSection(SolutionConfigurationPlatforms) = preSolution
		Debug|Any CPU = Debug|Any CPU
		Release|Any CPU = Release|Any CPU
		Debug|iPhoneSimulator = Debug|iPhoneSimulator
		Release|iPhone = Release|iPhone
		Release|iPhoneSimulator = Release|iPhoneSimulator
		Debug|iPhone = Debug|iPhone
	EndGlobalSection
	GlobalSection(ProjectConfigurationPlatforms) = postSolution
		{59289731-0B09-48C1-A6F7-E3554BB42674}.Debug|Any CPU.ActiveCfg = Debug|Any CPU
		{59289731-0B09-48C1-A6F7-E3554BB42674}.Debug|Any CPU.Build.0 = Debug|Any CPU
		{59289731-0B09-48C1-A6F7-E3554BB42674}.Debug|iPhone.ActiveCfg = Debug|Any CPU
		{59289731-0B09-48C1-A6F7-E3554BB42674}.Debug|iPhone.Build.0 = Debug|Any CPU
		{59289731-0B09-48C1-A6F7-E3554BB42674}.Debug|iPhoneSimulator.ActiveCfg = Debug|Any CPU
		{59289731-0B09-48C1-A6F7-E3554BB42674}.Debug|iPhoneSimulator.Build.0 = Debug|Any CPU
		{59289731-0B09-48C1-A6F7-E3554BB42674}.Release|Any CPU.ActiveCfg = Release|Any CPU
		{59289731-0B09-48C1-A6F7-E3554BB42674}.Release|Any CPU.Build.0 = Release|Any CPU
		{59289731-0B09-48C1-A6F7-E3554BB42674}.Release|iPhone.ActiveCfg = Release|Any CPU
		{59289731-0B09-48C1-A6F7-E3554BB42674}.Release|iPhone.Build.0 = Release|Any CPU
		{59289731-0B09-48C1-A6F7-E3554BB42674}.Release|iPhoneSimulator.ActiveCfg = Release|Any CPU
		{59289731-0B09-48C1-A6F7-E3554BB42674}.Release|iPhoneSimulator.Build.0 = Release|Any CPU
		{7122F946-6D29-4C77-A185-B09A3C771709}.Debug|Any CPU.ActiveCfg = Debug|iPhoneSimulator
		{7122F946-6D29-4C77-A185-B09A3C771709}.Debug|Any CPU.Build.0 = Debug|iPhoneSimulator
		{7122F946-6D29-4C77-A185-B09A3C771709}.Debug|iPhone.ActiveCfg = Debug|iPhone
		{7122F946-6D29-4C77-A185-B09A3C771709}.Debug|iPhone.Build.0 = Debug|iPhone
		{7122F946-6D29-4C77-A185-B09A3C771709}.Debug|iPhoneSimulator.ActiveCfg = Debug|iPhoneSimulator
		{7122F946-6D29-4C77-A185-B09A3C771709}.Debug|iPhoneSimulator.Build.0 = Debug|iPhoneSimulator
		{7122F946-6D29-4C77-A185-B09A3C771709}.Release|Any CPU.ActiveCfg = Release|iPhone
		{7122F946-6D29-4C77-A185-B09A3C771709}.Release|Any CPU.Build.0 = Release|iPhone
		{7122F946-6D29-4C77-A185-B09A3C771709}.Release|iPhone.ActiveCfg = Release|iPhone
		{7122F946-6D29-4C77-A185-B09A3C771709}.Release|iPhone.Build.0 = Release|iPhone
		{7122F946-6D29-4C77-A185-B09A3C771709}.Release|iPhoneSimulator.ActiveCfg = Release|iPhoneSimulator
		{7122F946-6D29-4C77-A185-B09A3C771709}.Release|iPhoneSimulator.Build.0 = Release|iPhoneSimulator
		{DA03E75F-1644-45E4-8653-E4F26F286F0A}.Debug|Any CPU.ActiveCfg = Debug|Any CPU
		{DA03E75F-1644-45E4-8653-E4F26F286F0A}.Debug|Any CPU.Build.0 = Debug|Any CPU
		{DA03E75F-1644-45E4-8653-E4F26F286F0A}.Debug|iPhone.ActiveCfg = Debug|Any CPU
		{DA03E75F-1644-45E4-8653-E4F26F286F0A}.Debug|iPhone.Build.0 = Debug|Any CPU
		{DA03E75F-1644-45E4-8653-E4F26F286F0A}.Debug|iPhoneSimulator.ActiveCfg = Debug|Any CPU
		{DA03E75F-1644-45E4-8653-E4F26F286F0A}.Debug|iPhoneSimulator.Build.0 = Debug|Any CPU
		{DA03E75F-1644-45E4-8653-E4F26F286F0A}.Release|Any CPU.ActiveCfg = Release|Any CPU
		{DA03E75F-1644-45E4-8653-E4F26F286F0A}.Release|Any CPU.Build.0 = Release|Any CPU
		{DA03E75F-1644-45E4-8653-E4F26F286F0A}.Release|iPhone.ActiveCfg = Release|Any CPU
		{DA03E75F-1644-45E4-8653-E4F26F286F0A}.Release|iPhone.Build.0 = Release|Any CPU
		{DA03E75F-1644-45E4-8653-E4F26F286F0A}.Release|iPhoneSimulator.ActiveCfg = Release|Any CPU
		{DA03E75F-1644-45E4-8653-E4F26F286F0A}.Release|iPhoneSimulator.Build.0 = Release|Any CPU
	EndGlobalSection
EndGlobal
