
Microsoft Visual Studio Solution File, Format Version 12.00
# Visual Studio 2012
Project("{FAE04EC0-301F-11D3-BF4B-00C04F79EFBC}") = "Calendrier", "Calendrier\Calendrier.csproj", "{760449EA-8C2C-4E27-9DB6-8EC94BBE99F5}"
EndProject
Project("{FAE04EC0-301F-11D3-BF4B-00C04F79EFBC}") = "Calendrier.iOS", "iOS\Calendrier.iOS.csproj", "{8BAF58DB-EC26-41E6-9807-63C3FF17D162}"
EndProject
Project("{FAE04EC0-301F-11D3-BF4B-00C04F79EFBC}") = "Calendrier.Droid", "Droid\Calendrier.Droid.csproj", "{07781F7A-4D0B-4035-BFDB-5827E2D4A73E}"
EndProject
Global
	GlobalSection(SolutionConfigurationPlatforms) = preSolution
		Debug|Any CPU = Debug|Any CPU
		Release|Any CPU = Release|Any CPU
		Debug|iPhoneSimulator = Debug|iPhoneSimulator
		Release|iPhone = Release|iPhone
		Release|iPhoneSimulator = Release|iPhoneSimulator
		Debug|iPhone = Debug|iPhone
	EndGlobalSection
	GlobalSection(ProjectConfigurationPlatforms) = postSolution
		{07781F7A-4D0B-4035-BFDB-5827E2D4A73E}.Debug|Any CPU.ActiveCfg = Debug|Any CPU
		{07781F7A-4D0B-4035-BFDB-5827E2D4A73E}.Debug|Any CPU.Build.0 = Debug|Any CPU
		{07781F7A-4D0B-4035-BFDB-5827E2D4A73E}.Debug|iPhone.ActiveCfg = Debug|Any CPU
		{07781F7A-4D0B-4035-BFDB-5827E2D4A73E}.Debug|iPhone.Build.0 = Debug|Any CPU
		{07781F7A-4D0B-4035-BFDB-5827E2D4A73E}.Debug|iPhoneSimulator.ActiveCfg = Debug|Any CPU
		{07781F7A-4D0B-4035-BFDB-5827E2D4A73E}.Debug|iPhoneSimulator.Build.0 = Debug|Any CPU
		{07781F7A-4D0B-4035-BFDB-5827E2D4A73E}.Release|Any CPU.ActiveCfg = Release|Any CPU
		{07781F7A-4D0B-4035-BFDB-5827E2D4A73E}.Release|Any CPU.Build.0 = Release|Any CPU
		{07781F7A-4D0B-4035-BFDB-5827E2D4A73E}.Release|iPhone.ActiveCfg = Release|Any CPU
		{07781F7A-4D0B-4035-BFDB-5827E2D4A73E}.Release|iPhone.Build.0 = Release|Any CPU
		{07781F7A-4D0B-4035-BFDB-5827E2D4A73E}.Release|iPhoneSimulator.ActiveCfg = Release|Any CPU
		{07781F7A-4D0B-4035-BFDB-5827E2D4A73E}.Release|iPhoneSimulator.Build.0 = Release|Any CPU
		{760449EA-8C2C-4E27-9DB6-8EC94BBE99F5}.Debug|Any CPU.ActiveCfg = Debug|Any CPU
		{760449EA-8C2C-4E27-9DB6-8EC94BBE99F5}.Debug|Any CPU.Build.0 = Debug|Any CPU
		{760449EA-8C2C-4E27-9DB6-8EC94BBE99F5}.Debug|iPhone.ActiveCfg = Debug|Any CPU
		{760449EA-8C2C-4E27-9DB6-8EC94BBE99F5}.Debug|iPhone.Build.0 = Debug|Any CPU
		{760449EA-8C2C-4E27-9DB6-8EC94BBE99F5}.Debug|iPhoneSimulator.ActiveCfg = Debug|Any CPU
		{760449EA-8C2C-4E27-9DB6-8EC94BBE99F5}.Debug|iPhoneSimulator.Build.0 = Debug|Any CPU
		{760449EA-8C2C-4E27-9DB6-8EC94BBE99F5}.Release|Any CPU.ActiveCfg = Release|Any CPU
		{760449EA-8C2C-4E27-9DB6-8EC94BBE99F5}.Release|Any CPU.Build.0 = Release|Any CPU
		{760449EA-8C2C-4E27-9DB6-8EC94BBE99F5}.Release|iPhone.ActiveCfg = Release|Any CPU
		{760449EA-8C2C-4E27-9DB6-8EC94BBE99F5}.Release|iPhone.Build.0 = Release|Any CPU
		{760449EA-8C2C-4E27-9DB6-8EC94BBE99F5}.Release|iPhoneSimulator.ActiveCfg = Release|Any CPU
		{760449EA-8C2C-4E27-9DB6-8EC94BBE99F5}.Release|iPhoneSimulator.Build.0 = Release|Any CPU
		{8BAF58DB-EC26-41E6-9807-63C3FF17D162}.Debug|Any CPU.ActiveCfg = Debug|iPhoneSimulator
		{8BAF58DB-EC26-41E6-9807-63C3FF17D162}.Debug|Any CPU.Build.0 = Debug|iPhoneSimulator
		{8BAF58DB-EC26-41E6-9807-63C3FF17D162}.Debug|iPhone.ActiveCfg = Debug|iPhone
		{8BAF58DB-EC26-41E6-9807-63C3FF17D162}.Debug|iPhone.Build.0 = Debug|iPhone
		{8BAF58DB-EC26-41E6-9807-63C3FF17D162}.Debug|iPhoneSimulator.ActiveCfg = Debug|iPhoneSimulator
		{8BAF58DB-EC26-41E6-9807-63C3FF17D162}.Debug|iPhoneSimulator.Build.0 = Debug|iPhoneSimulator
		{8BAF58DB-EC26-41E6-9807-63C3FF17D162}.Release|Any CPU.ActiveCfg = Release|iPhone
		{8BAF58DB-EC26-41E6-9807-63C3FF17D162}.Release|Any CPU.Build.0 = Release|iPhone
		{8BAF58DB-EC26-41E6-9807-63C3FF17D162}.Release|iPhone.ActiveCfg = Release|iPhone
		{8BAF58DB-EC26-41E6-9807-63C3FF17D162}.Release|iPhone.Build.0 = Release|iPhone
		{8BAF58DB-EC26-41E6-9807-63C3FF17D162}.Release|iPhoneSimulator.ActiveCfg = Release|iPhoneSimulator
		{8BAF58DB-EC26-41E6-9807-63C3FF17D162}.Release|iPhoneSimulator.Build.0 = Release|iPhoneSimulator
	EndGlobalSection
EndGlobal
