
Microsoft Visual Studio Solution File, Format Version 12.00
# Visual Studio 2012
Project("{FAE04EC0-301F-11D3-BF4B-00C04F79EFBC}") = "Calendrier", "Calendrier\Calendrier.csproj", "{F29ABA6E-10D8-4E3F-8121-1ED4359B3029}"
EndProject
Project("{FAE04EC0-301F-11D3-BF4B-00C04F79EFBC}") = "Calendrier.iOS", "iOS\Calendrier.iOS.csproj", "{0DCD90B1-26CB-43EF-A6C0-C1A45793956F}"
EndProject
Project("{FAE04EC0-301F-11D3-BF4B-00C04F79EFBC}") = "Calendrier.Droid", "Droid\Calendrier.Droid.csproj", "{12854816-AC96-4972-B8F5-7626C157BE8C}"
EndProject
Global
	GlobalSection(SolutionConfigurationPlatforms) = preSolution
		Debug|Any CPU = Debug|Any CPU
		Release|Any CPU = Release|Any CPU
		Debug|iPhoneSimulator = Debug|iPhoneSimulator
		Release|iPhone = Release|iPhone
		Release|iPhoneSimulator = Release|iPhoneSimulator
		Debug|iPhone = Debug|iPhone
	EndGlobalSection
	GlobalSection(ProjectConfigurationPlatforms) = postSolution
		{0DCD90B1-26CB-43EF-A6C0-C1A45793956F}.Debug|Any CPU.ActiveCfg = Debug|iPhoneSimulator
		{0DCD90B1-26CB-43EF-A6C0-C1A45793956F}.Debug|Any CPU.Build.0 = Debug|iPhoneSimulator
		{0DCD90B1-26CB-43EF-A6C0-C1A45793956F}.Debug|iPhone.ActiveCfg = Debug|iPhone
		{0DCD90B1-26CB-43EF-A6C0-C1A45793956F}.Debug|iPhone.Build.0 = Debug|iPhone
		{0DCD90B1-26CB-43EF-A6C0-C1A45793956F}.Debug|iPhoneSimulator.ActiveCfg = Debug|iPhoneSimulator
		{0DCD90B1-26CB-43EF-A6C0-C1A45793956F}.Debug|iPhoneSimulator.Build.0 = Debug|iPhoneSimulator
		{0DCD90B1-26CB-43EF-A6C0-C1A45793956F}.Release|Any CPU.ActiveCfg = Release|iPhone
		{0DCD90B1-26CB-43EF-A6C0-C1A45793956F}.Release|Any CPU.Build.0 = Release|iPhone
		{0DCD90B1-26CB-43EF-A6C0-C1A45793956F}.Release|iPhone.ActiveCfg = Release|iPhone
		{0DCD90B1-26CB-43EF-A6C0-C1A45793956F}.Release|iPhone.Build.0 = Release|iPhone
		{0DCD90B1-26CB-43EF-A6C0-C1A45793956F}.Release|iPhoneSimulator.ActiveCfg = Release|iPhoneSimulator
		{0DCD90B1-26CB-43EF-A6C0-C1A45793956F}.Release|iPhoneSimulator.Build.0 = Release|iPhoneSimulator
		{12854816-AC96-4972-B8F5-7626C157BE8C}.Debug|Any CPU.ActiveCfg = Debug|Any CPU
		{12854816-AC96-4972-B8F5-7626C157BE8C}.Debug|Any CPU.Build.0 = Debug|Any CPU
		{12854816-AC96-4972-B8F5-7626C157BE8C}.Debug|iPhone.ActiveCfg = Debug|Any CPU
		{12854816-AC96-4972-B8F5-7626C157BE8C}.Debug|iPhone.Build.0 = Debug|Any CPU
		{12854816-AC96-4972-B8F5-7626C157BE8C}.Debug|iPhoneSimulator.ActiveCfg = Debug|Any CPU
		{12854816-AC96-4972-B8F5-7626C157BE8C}.Debug|iPhoneSimulator.Build.0 = Debug|Any CPU
		{12854816-AC96-4972-B8F5-7626C157BE8C}.Release|Any CPU.ActiveCfg = Release|Any CPU
		{12854816-AC96-4972-B8F5-7626C157BE8C}.Release|Any CPU.Build.0 = Release|Any CPU
		{12854816-AC96-4972-B8F5-7626C157BE8C}.Release|iPhone.ActiveCfg = Release|Any CPU
		{12854816-AC96-4972-B8F5-7626C157BE8C}.Release|iPhone.Build.0 = Release|Any CPU
		{12854816-AC96-4972-B8F5-7626C157BE8C}.Release|iPhoneSimulator.ActiveCfg = Release|Any CPU
		{12854816-AC96-4972-B8F5-7626C157BE8C}.Release|iPhoneSimulator.Build.0 = Release|Any CPU
		{F29ABA6E-10D8-4E3F-8121-1ED4359B3029}.Debug|Any CPU.ActiveCfg = Debug|Any CPU
		{F29ABA6E-10D8-4E3F-8121-1ED4359B3029}.Debug|Any CPU.Build.0 = Debug|Any CPU
		{F29ABA6E-10D8-4E3F-8121-1ED4359B3029}.Debug|iPhone.ActiveCfg = Debug|Any CPU
		{F29ABA6E-10D8-4E3F-8121-1ED4359B3029}.Debug|iPhone.Build.0 = Debug|Any CPU
		{F29ABA6E-10D8-4E3F-8121-1ED4359B3029}.Debug|iPhoneSimulator.ActiveCfg = Debug|Any CPU
		{F29ABA6E-10D8-4E3F-8121-1ED4359B3029}.Debug|iPhoneSimulator.Build.0 = Debug|Any CPU
		{F29ABA6E-10D8-4E3F-8121-1ED4359B3029}.Release|Any CPU.ActiveCfg = Release|Any CPU
		{F29ABA6E-10D8-4E3F-8121-1ED4359B3029}.Release|Any CPU.Build.0 = Release|Any CPU
		{F29ABA6E-10D8-4E3F-8121-1ED4359B3029}.Release|iPhone.ActiveCfg = Release|Any CPU
		{F29ABA6E-10D8-4E3F-8121-1ED4359B3029}.Release|iPhone.Build.0 = Release|Any CPU
		{F29ABA6E-10D8-4E3F-8121-1ED4359B3029}.Release|iPhoneSimulator.ActiveCfg = Release|Any CPU
		{F29ABA6E-10D8-4E3F-8121-1ED4359B3029}.Release|iPhoneSimulator.Build.0 = Release|Any CPU
	EndGlobalSection
EndGlobal
